
Microsoft Visual Studio Solution File, Format Version 12.00
# Visual Studio Version 16
VisualStudioVersion = 16.0.30907.101
MinimumVisualStudioVersion = 10.0.40219.1
Project("{FAE04EC0-301F-11D3-BF4B-00C04F79EFBC}") = "Http.Console", "Http.Console\Http.Console.csproj", "{306AFAE8-F9BA-40B3-8CED-CE72D561E9D9}"
EndProject
Global
	GlobalSection(SolutionConfigurationPlatforms) = preSolution
		Debug|Any CPU = Debug|Any CPU
		Release|Any CPU = Release|Any CPU
	EndGlobalSection
	GlobalSection(ProjectConfigurationPlatforms) = postSolution
		{306AFAE8-F9BA-40B3-8CED-CE72D561E9D9}.Debug|Any CPU.ActiveCfg = Debug|Any CPU
		{306AFAE8-F9BA-40B3-8CED-CE72D561E9D9}.Debug|Any CPU.Build.0 = Debug|Any CPU
		{306AFAE8-F9BA-40B3-8CED-CE72D561E9D9}.Release|Any CPU.ActiveCfg = Release|Any CPU
		{306AFAE8-F9BA-40B3-8CED-CE72D561E9D9}.Release|Any CPU.Build.0 = Release|Any CPU
	EndGlobalSection
	GlobalSection(SolutionProperties) = preSolution
		HideSolutionNode = FALSE
	EndGlobalSection
	GlobalSection(ExtensibilityGlobals) = postSolution
		SolutionGuid = {0FA63128-913D-4902-B6ED-5FC6049EC45F}
	EndGlobalSection
EndGlobal
